
Microsoft Visual Studio Solution File, Format Version 12.00
# Visual Studio Version 17
VisualStudioVersion = 17.4.33403.182
MinimumVisualStudioVersion = 10.0.40219.1
Project("{FAE04EC0-301F-11D3-BF4B-00C04F79EFBC}") = "Minesweeper", "Minesweeper\Minesweeper.csproj", "{A1188BED-458C-4D61-8797-15CD529CB969}"
EndProject
Global
	GlobalSection(SolutionConfigurationPlatforms) = preSolution
		Debug|Any CPU = Debug|Any CPU
		Release|Any CPU = Release|Any CPU
	EndGlobalSection
	GlobalSection(ProjectConfigurationPlatforms) = postSolution
		{A1188BED-458C-4D61-8797-15CD529CB969}.Debug|Any CPU.ActiveCfg = Debug|Any CPU
		{A1188BED-458C-4D61-8797-15CD529CB969}.Debug|Any CPU.Build.0 = Debug|Any CPU
		{A1188BED-458C-4D61-8797-15CD529CB969}.Release|Any CPU.ActiveCfg = Release|Any CPU
		{A1188BED-458C-4D61-8797-15CD529CB969}.Release|Any CPU.Build.0 = Release|Any CPU
	EndGlobalSection
	GlobalSection(SolutionProperties) = preSolution
		HideSolutionNode = FALSE
	EndGlobalSection
	GlobalSection(ExtensibilityGlobals) = postSolution
		SolutionGuid = {C3E75235-502D-4C46-B6E2-FF7BDD1079A8}
	EndGlobalSection
EndGlobal
